
Microsoft Visual Studio Solution File, Format Version 12.00
# Visual Studio Version 16
VisualStudioVersion = 16.0.31424.327
MinimumVisualStudioVersion = 10.0.40219.1
Project("{FAE04EC0-301F-11D3-BF4B-00C04F79EFBC}") = "012", "012\012.csproj", "{14D57DF3-1E92-47C8-8BFE-60C10DC84AAE}"
EndProject
Global
	GlobalSection(SolutionConfigurationPlatforms) = preSolution
		Debug|Any CPU = Debug|Any CPU
		Release|Any CPU = Release|Any CPU
	EndGlobalSection
	GlobalSection(ProjectConfigurationPlatforms) = postSolution
		{14D57DF3-1E92-47C8-8BFE-60C10DC84AAE}.Debug|Any CPU.ActiveCfg = Debug|Any CPU
		{14D57DF3-1E92-47C8-8BFE-60C10DC84AAE}.Debug|Any CPU.Build.0 = Debug|Any CPU
		{14D57DF3-1E92-47C8-8BFE-60C10DC84AAE}.Release|Any CPU.ActiveCfg = Release|Any CPU
		{14D57DF3-1E92-47C8-8BFE-60C10DC84AAE}.Release|Any CPU.Build.0 = Release|Any CPU
	EndGlobalSection
	GlobalSection(SolutionProperties) = preSolution
		HideSolutionNode = FALSE
	EndGlobalSection
	GlobalSection(ExtensibilityGlobals) = postSolution
		SolutionGuid = {EAB23CDB-6470-4EA1-B75C-84A2B2D47B60}
	EndGlobalSection
EndGlobal
